
Microsoft Visual Studio Solution File, Format Version 12.00
# Visual Studio Version 17
VisualStudioVersion = 17.6.33815.320
MinimumVisualStudioVersion = 10.0.40219.1
Project("{9A19103F-16F7-4668-BE54-9A1E7A4F7556}") = "capaPresentacion", "capaPresentacion\capaPresentacion.csproj", "{1B38CA2E-9A06-44B1-B9DB-031E783B5AF0}"
EndProject
Project("{9A19103F-16F7-4668-BE54-9A1E7A4F7556}") = "capaDatos", "capaDatos\capaDatos.csproj", "{2AB97479-488F-461B-B971-47267F1AB106}"
EndProject
Project("{9A19103F-16F7-4668-BE54-9A1E7A4F7556}") = "capaNegocios", "capaNegocios\capaNegocios.csproj", "{D5114D69-7469-4F42-B172-B4A4933DBFE2}"
EndProject
Project("{9A19103F-16F7-4668-BE54-9A1E7A4F7556}") = "entidades", "entidades\entidades.csproj", "{2E9854B3-3421-481C-AA40-DBF77BB80D80}"
EndProject
Global
	GlobalSection(SolutionConfigurationPlatforms) = preSolution
		Debug|Any CPU = Debug|Any CPU
		Release|Any CPU = Release|Any CPU
	EndGlobalSection
	GlobalSection(ProjectConfigurationPlatforms) = postSolution
		{1B38CA2E-9A06-44B1-B9DB-031E783B5AF0}.Debug|Any CPU.ActiveCfg = Debug|Any CPU
		{1B38CA2E-9A06-44B1-B9DB-031E783B5AF0}.Debug|Any CPU.Build.0 = Debug|Any CPU
		{1B38CA2E-9A06-44B1-B9DB-031E783B5AF0}.Release|Any CPU.ActiveCfg = Release|Any CPU
		{1B38CA2E-9A06-44B1-B9DB-031E783B5AF0}.Release|Any CPU.Build.0 = Release|Any CPU
		{2AB97479-488F-461B-B971-47267F1AB106}.Debug|Any CPU.ActiveCfg = Debug|Any CPU
		{2AB97479-488F-461B-B971-47267F1AB106}.Debug|Any CPU.Build.0 = Debug|Any CPU
		{2AB97479-488F-461B-B971-47267F1AB106}.Release|Any CPU.ActiveCfg = Release|Any CPU
		{2AB97479-488F-461B-B971-47267F1AB106}.Release|Any CPU.Build.0 = Release|Any CPU
		{D5114D69-7469-4F42-B172-B4A4933DBFE2}.Debug|Any CPU.ActiveCfg = Debug|Any CPU
		{D5114D69-7469-4F42-B172-B4A4933DBFE2}.Debug|Any CPU.Build.0 = Debug|Any CPU
		{D5114D69-7469-4F42-B172-B4A4933DBFE2}.Release|Any CPU.ActiveCfg = Release|Any CPU
		{D5114D69-7469-4F42-B172-B4A4933DBFE2}.Release|Any CPU.Build.0 = Release|Any CPU
		{2E9854B3-3421-481C-AA40-DBF77BB80D80}.Debug|Any CPU.ActiveCfg = Debug|Any CPU
		{2E9854B3-3421-481C-AA40-DBF77BB80D80}.Debug|Any CPU.Build.0 = Debug|Any CPU
		{2E9854B3-3421-481C-AA40-DBF77BB80D80}.Release|Any CPU.ActiveCfg = Release|Any CPU
		{2E9854B3-3421-481C-AA40-DBF77BB80D80}.Release|Any CPU.Build.0 = Release|Any CPU
	EndGlobalSection
	GlobalSection(SolutionProperties) = preSolution
		HideSolutionNode = FALSE
	EndGlobalSection
	GlobalSection(ExtensibilityGlobals) = postSolution
		SolutionGuid = {A7C8C6A2-6CC5-46C4-8662-0FFCA4850C61}
	EndGlobalSection
EndGlobal
